
Microsoft Visual Studio Solution File, Format Version 12.00
# Visual Studio Version 16
VisualStudioVersion = 16.0.31205.134
MinimumVisualStudioVersion = 10.0.40219.1
Project("{FAE04EC0-301F-11D3-BF4B-00C04F79EFBC}") = "BlogLap.Web", "BlogLap.Web.csproj", "{730FB07E-D812-4638-ADE0-C5579D9CBDBA}"
EndProject
Project("{FAE04EC0-301F-11D3-BF4B-00C04F79EFBC}") = "BlogLap.Models", "..\BlogLap.Models\BlogLap.Models.csproj", "{9520085A-69FA-4521-A498-3E5B962FFE91}"
EndProject
Project("{FAE04EC0-301F-11D3-BF4B-00C04F79EFBC}") = "BlogLap.Repository", "..\BlogLap.Repository\BlogLap.Repository.csproj", "{EF0CD489-F843-448B-93F3-E6671F461BC1}"
EndProject
Project("{FAE04EC0-301F-11D3-BF4B-00C04F79EFBC}") = "BlogLap.Identity", "..\BlogLap.Identity\BlogLap.Identity.csproj", "{1B842EEC-962C-4EEF-B0E2-09C8C00702C2}"
EndProject
Project("{FAE04EC0-301F-11D3-BF4B-00C04F79EFBC}") = "BlogLap.Services", "..\BlogLap.Services\BlogLap.Services.csproj", "{A3828CF7-DD80-4672-BA9B-923C99CC02BC}"
EndProject
Global
	GlobalSection(SolutionConfigurationPlatforms) = preSolution
		Debug|Any CPU = Debug|Any CPU
		Release|Any CPU = Release|Any CPU
	EndGlobalSection
	GlobalSection(ProjectConfigurationPlatforms) = postSolution
		{730FB07E-D812-4638-ADE0-C5579D9CBDBA}.Debug|Any CPU.ActiveCfg = Debug|Any CPU
		{730FB07E-D812-4638-ADE0-C5579D9CBDBA}.Debug|Any CPU.Build.0 = Debug|Any CPU
		{730FB07E-D812-4638-ADE0-C5579D9CBDBA}.Release|Any CPU.ActiveCfg = Release|Any CPU
		{730FB07E-D812-4638-ADE0-C5579D9CBDBA}.Release|Any CPU.Build.0 = Release|Any CPU
		{9520085A-69FA-4521-A498-3E5B962FFE91}.Debug|Any CPU.ActiveCfg = Debug|Any CPU
		{9520085A-69FA-4521-A498-3E5B962FFE91}.Debug|Any CPU.Build.0 = Debug|Any CPU
		{9520085A-69FA-4521-A498-3E5B962FFE91}.Release|Any CPU.ActiveCfg = Release|Any CPU
		{9520085A-69FA-4521-A498-3E5B962FFE91}.Release|Any CPU.Build.0 = Release|Any CPU
		{EF0CD489-F843-448B-93F3-E6671F461BC1}.Debug|Any CPU.ActiveCfg = Debug|Any CPU
		{EF0CD489-F843-448B-93F3-E6671F461BC1}.Debug|Any CPU.Build.0 = Debug|Any CPU
		{EF0CD489-F843-448B-93F3-E6671F461BC1}.Release|Any CPU.ActiveCfg = Release|Any CPU
		{EF0CD489-F843-448B-93F3-E6671F461BC1}.Release|Any CPU.Build.0 = Release|Any CPU
		{1B842EEC-962C-4EEF-B0E2-09C8C00702C2}.Debug|Any CPU.ActiveCfg = Debug|Any CPU
		{1B842EEC-962C-4EEF-B0E2-09C8C00702C2}.Debug|Any CPU.Build.0 = Debug|Any CPU
		{1B842EEC-962C-4EEF-B0E2-09C8C00702C2}.Release|Any CPU.ActiveCfg = Release|Any CPU
		{1B842EEC-962C-4EEF-B0E2-09C8C00702C2}.Release|Any CPU.Build.0 = Release|Any CPU
		{A3828CF7-DD80-4672-BA9B-923C99CC02BC}.Debug|Any CPU.ActiveCfg = Debug|Any CPU
		{A3828CF7-DD80-4672-BA9B-923C99CC02BC}.Debug|Any CPU.Build.0 = Debug|Any CPU
		{A3828CF7-DD80-4672-BA9B-923C99CC02BC}.Release|Any CPU.ActiveCfg = Release|Any CPU
		{A3828CF7-DD80-4672-BA9B-923C99CC02BC}.Release|Any CPU.Build.0 = Release|Any CPU
	EndGlobalSection
	GlobalSection(SolutionProperties) = preSolution
		HideSolutionNode = FALSE
	EndGlobalSection
	GlobalSection(ExtensibilityGlobals) = postSolution
		SolutionGuid = {A21743BA-88F4-48F4-A005-81C0EF42DD55}
	EndGlobalSection
EndGlobal
